Microsoft Visual Studio Solution File, Format Version 12.00
# Visual Studio Version 17 effe
VisualStudioVersion = 17.2.32630.192
MinimumVisualStudioVersion = 10.0.40219.1
Project("{FAE04EC0-301F-11D3-BF4B-00C04F79EFBC}") = "Works API", "Works API\Works API.csproj", "{D6B85A79-0248-4317-8B83-CC76E4E9BBBB}"
EndProject
Global
	GlobalSection(SolutionConfigurationPlatforms) = preSolution
		Debug|Any CPU = Debug|Any CPU
		Release|Any CPU = Release|Any CPU
	EndGlobalSection
	GlobalSection(ProjectConfigurationPlatforms) = postSolution
		{D6B85A79-0248-4317-8B83-CC76E4E9BBBB}.Debug|Any CPU.ActiveCfg = Debug|Any CPU
		{D6B85A79-0248-4317-8B83-CC76E4E9BBBB}.Debug|Any CPU.Build.0 = Debug|Any CPU
		{D6B85A79-0248-4317-8B83-CC76E4E9BBBB}.Release|Any CPU.ActiveCfg = Release|Any CPU
		{D6B85A79-0248-4317-8B83-CC76E4E9BBBB}.Release|Any CPU.Build.0 = Release|Any CPU
	EndGlobalSection
	GlobalSection(SolutionProperties) = preSolution
		HideSolutionNode = FALSE
	EndGlobalSection
	GlobalSection(ExtensibilityGlobals) = postSolution
		SolutionGuid = {DE4B2503-D07F-440D-8426-DB21ED782A3E}
	EndGlobalSection
EndGlobal
